{
  "name": "ihp-backend",
  "version": "0.3.7",
  "lockfileVersion": 1,
  "requires": true,
  "dependencies": {
    "ihp-datasync": {
      "version": "https://gitpkg.now.sh/digitallyinduced/ihp/lib/IHP/DataSync?f426c55ad5536edb5da72c44c4a632edb3daa09b",
      "integrity": "sha512-G56dZgX4AViT4m59UeylWfYRYnrMajPXcKh2edzzPBMt7DTK336dC0UkBZysrzrhcoA+yqKOtFzMMYL5+E/XRQ=="
    }
  }
}
