{
  "name": "thin-backend-vue",
  "version": "0.1.1",
  "lockfileVersion": 2,
  "requires": true,
  "packages": {
    "": {
      "name": "thin-backend-vue",
      "version": "0.1.1",
      "license": "MIT",
      "devDependencies": {
        "@types/thin-backend": "https://thin.dev/ShowTypescriptDeclarationFile?typescriptDeclarationFileId=f61e9d25-9d27-4592-a1fe-78c9f910eb14&accessToken=HEgYWybWUMqiqKGaQCkqsWRlikVbbqUR",
        "typescript": "^4.6.3"
      },
      "peerDependencies": {
        "thin-backend": "^0.6.0",
        "vue": "^3.2.33"
      }
    },
    "node_modules/@babel/parser": {
      "version": "7.17.10",
      "resolved": "https://registry.npmjs.org/@babel/parser/-/parser-7.17.10.tgz",
      "integrity": "sha512-n2Q6i+fnJqzOaq2VkdXxy2TCPCWQZHiCo0XqmrCvDWcZQKRyZzYi4Z0yxlBuN0w+r2ZHmre+Q087DSrw3pbJDQ==",
      "peer": true,
      "bin": {
        "parser": "bin/babel-parser.js"
      },
      "engines": {
        "node": ">=6.0.0"
      }
    },
    "node_modules/@types/thin-backend": {
      "version": "1.0.0",
      "resolved": "https://thin.dev/ShowTypescriptDeclarationFile?typescriptDeclarationFileId=f61e9d25-9d27-4592-a1fe-78c9f910eb14&accessToken=HEgYWybWUMqiqKGaQCkqsWRlikVbbqUR",
      "integrity": "sha512-Q4fB84oZOXratO1E3wLwrpWxwXneY6fge0uArSFemAe34KlmuYUCc29QEygCsngVQyAKeEmB78I3xEutYX71dA==",
      "dev": true,
      "license": "ISC"
    },
    "node_modules/@vue/compiler-core": {
      "version": "3.2.33",
      "resolved": "https://registry.npmjs.org/@vue/compiler-core/-/compiler-core-3.2.33.tgz",
      "integrity": "sha512-AAmr52ji3Zhk7IKIuigX2osWWsb2nQE5xsdFYjdnmtQ4gymmqXbjLvkSE174+fF3A3kstYrTgGkqgOEbsdLDpw==",
      "peer": true,
      "dependencies": {
        "@babel/parser": "^7.16.4",
        "@vue/shared": "3.2.33",
        "estree-walker": "^2.0.2",
        "source-map": "^0.6.1"
      }
    },
    "node_modules/@vue/compiler-dom": {
      "version": "3.2.33",
      "resolved": "https://registry.npmjs.org/@vue/compiler-dom/-/compiler-dom-3.2.33.tgz",
      "integrity": "sha512-GhiG1C8X98Xz9QUX/RlA6/kgPBWJkjq0Rq6//5XTAGSYrTMBgcLpP9+CnlUg1TFxnnCVughAG+KZl28XJqw8uQ==",
      "peer": true,
      "dependencies": {
        "@vue/compiler-core": "3.2.33",
        "@vue/shared": "3.2.33"
      }
    },
    "node_modules/@vue/compiler-sfc": {
      "version": "3.2.33",
      "resolved": "https://registry.npmjs.org/@vue/compiler-sfc/-/compiler-sfc-3.2.33.tgz",
      "integrity": "sha512-H8D0WqagCr295pQjUYyO8P3IejM3vEzeCO1apzByAEaAR/WimhMYczHfZVvlCE/9yBaEu/eu9RdiWr0kF8b71Q==",
      "peer": true,
      "dependencies": {
        "@babel/parser": "^7.16.4",
        "@vue/compiler-core": "3.2.33",
        "@vue/compiler-dom": "3.2.33",
        "@vue/compiler-ssr": "3.2.33",
        "@vue/reactivity-transform": "3.2.33",
        "@vue/shared": "3.2.33",
        "estree-walker": "^2.0.2",
        "magic-string": "^0.25.7",
        "postcss": "^8.1.10",
        "source-map": "^0.6.1"
      }
    },
    "node_modules/@vue/compiler-ssr": {
      "version": "3.2.33",
      "resolved": "https://registry.npmjs.org/@vue/compiler-ssr/-/compiler-ssr-3.2.33.tgz",
      "integrity": "sha512-XQh1Xdk3VquDpXsnoCd7JnMoWec9CfAzQDQsaMcSU79OrrO2PNR0ErlIjm/mGq3GmBfkQjzZACV+7GhfRB8xMQ==",
      "peer": true,
      "dependencies": {
        "@vue/compiler-dom": "3.2.33",
        "@vue/shared": "3.2.33"
      }
    },
    "node_modules/@vue/reactivity": {
      "version": "3.2.33",
      "resolved": "https://registry.npmjs.org/@vue/reactivity/-/reactivity-3.2.33.tgz",
      "integrity": "sha512-62Sq0mp9/0bLmDuxuLD5CIaMG2susFAGARLuZ/5jkU1FCf9EDbwUuF+BO8Ub3Rbodx0ziIecM/NsmyjardBxfQ==",
      "peer": true,
      "dependencies": {
        "@vue/shared": "3.2.33"
      }
    },
    "node_modules/@vue/reactivity-transform": {
      "version": "3.2.33",
      "resolved": "https://registry.npmjs.org/@vue/reactivity-transform/-/reactivity-transform-3.2.33.tgz",
      "integrity": "sha512-4UL5KOIvSQb254aqenW4q34qMXbfZcmEsV/yVidLUgvwYQQ/D21bGX3DlgPUGI3c4C+iOnNmDCkIxkILoX/Pyw==",
      "peer": true,
      "dependencies": {
        "@babel/parser": "^7.16.4",
        "@vue/compiler-core": "3.2.33",
        "@vue/shared": "3.2.33",
        "estree-walker": "^2.0.2",
        "magic-string": "^0.25.7"
      }
    },
    "node_modules/@vue/runtime-core": {
      "version": "3.2.33",
      "resolved": "https://registry.npmjs.org/@vue/runtime-core/-/runtime-core-3.2.33.tgz",
      "integrity": "sha512-N2D2vfaXsBPhzCV3JsXQa2NECjxP3eXgZlFqKh4tgakp3iX6LCGv76DLlc+IfFZq+TW10Y8QUfeihXOupJ1dGw==",
      "peer": true,
      "dependencies": {
        "@vue/reactivity": "3.2.33",
        "@vue/shared": "3.2.33"
      }
    },
    "node_modules/@vue/runtime-dom": {
      "version": "3.2.33",
      "resolved": "https://registry.npmjs.org/@vue/runtime-dom/-/runtime-dom-3.2.33.tgz",
      "integrity": "sha512-LSrJ6W7CZTSUygX5s8aFkraDWlO6K4geOwA3quFF2O+hC3QuAMZt/0Xb7JKE3C4JD4pFwCSO7oCrZmZ0BIJUnw==",
      "peer": true,
      "dependencies": {
        "@vue/runtime-core": "3.2.33",
        "@vue/shared": "3.2.33",
        "csstype": "^2.6.8"
      }
    },
    "node_modules/@vue/server-renderer": {
      "version": "3.2.33",
      "resolved": "https://registry.npmjs.org/@vue/server-renderer/-/server-renderer-3.2.33.tgz",
      "integrity": "sha512-4jpJHRD4ORv8PlbYi+/MfP8ec1okz6rybe36MdpkDrGIdEItHEUyaHSKvz+ptNEyQpALmmVfRteHkU9F8vxOew==",
      "peer": true,
      "dependencies": {
        "@vue/compiler-ssr": "3.2.33",
        "@vue/shared": "3.2.33"
      },
      "peerDependencies": {
        "vue": "3.2.33"
      }
    },
    "node_modules/@vue/shared": {
      "version": "3.2.33",
      "resolved": "https://registry.npmjs.org/@vue/shared/-/shared-3.2.33.tgz",
      "integrity": "sha512-UBc1Pg1T3yZ97vsA2ueER0F6GbJebLHYlEi4ou1H5YL4KWvMOOWwpYo9/QpWq93wxKG6Wo13IY74Hcn/f7c7Bg==",
      "peer": true
    },
    "node_modules/csstype": {
      "version": "2.6.20",
      "resolved": "https://registry.npmjs.org/csstype/-/csstype-2.6.20.tgz",
      "integrity": "sha512-/WwNkdXfckNgw6S5R125rrW8ez139lBHWouiBvX8dfMFtcn6V81REDqnH7+CRpRipfYlyU1CmOnOxrmGcFOjeA==",
      "peer": true
    },
    "node_modules/estree-walker": {
      "version": "2.0.2",
      "resolved": "https://registry.npmjs.org/estree-walker/-/estree-walker-2.0.2.tgz",
      "integrity": "sha512-Rfkk/Mp/DL7JVje3u18FxFujQlTNR2q6QfMSMB7AvCBx91NGj/ba3kCfza0f6dVDbw7YlRf/nDrn7pQrCCyQ/w==",
      "peer": true
    },
    "node_modules/ihp-datasync": {
      "version": "0.1.0",
      "resolved": "https://gitpkg.now.sh/digitallyinduced/ihp/lib/IHP/DataSync?a9a2e567790ce2c4177261c2a46d38b59cbfe593",
      "integrity": "sha512-GARx1CKlfHkccXqope7zO00FyHEtfOYkHpLa5OjWLLI4SbXyiWLyvozid/QVAdZRCtNcRi5YLIPw4H7J+sVBlA==",
      "license": "MIT",
      "peer": true
    },
    "node_modules/js-tokens": {
      "version": "4.0.0",
      "resolved": "https://registry.npmjs.org/js-tokens/-/js-tokens-4.0.0.tgz",
      "integrity": "sha512-RdJUflcE3cUzKiMqQgsCu06FPu9UdIJO0beYbPhHN4k6apgJtifcoCtT9bcxOpYBtpD2kCM6Sbzg4CausW/PKQ==",
      "peer": true
    },
    "node_modules/loose-envify": {
      "version": "1.4.0",
      "resolved": "https://registry.npmjs.org/loose-envify/-/loose-envify-1.4.0.tgz",
      "integrity": "sha512-lyuxPGr/Wfhrlem2CL/UcnUc1zcqKAImBDzukY7Y5F/yQiNdko6+fRLevlw1HgMySw7f611UIY408EtxRSoK3Q==",
      "peer": true,
      "dependencies": {
        "js-tokens": "^3.0.0 || ^4.0.0"
      },
      "bin": {
        "loose-envify": "cli.js"
      }
    },
    "node_modules/magic-string": {
      "version": "0.25.9",
      "resolved": "https://registry.npmjs.org/magic-string/-/magic-string-0.25.9.tgz",
      "integrity": "sha512-RmF0AsMzgt25qzqqLc1+MbHmhdx0ojF2Fvs4XnOqz2ZOBXzzkEwc/dJQZCYHAn7v1jbVOjAZfK8msRn4BxO4VQ==",
      "peer": true,
      "dependencies": {
        "sourcemap-codec": "^1.4.8"
      }
    },
    "node_modules/nanoid": {
      "version": "3.3.4",
      "resolved": "https://registry.npmjs.org/nanoid/-/nanoid-3.3.4.tgz",
      "integrity": "sha512-MqBkQh/OHTS2egovRtLk45wEyNXwF+cokD+1YPf9u5VfJiRdAiRwB2froX5Co9Rh20xs4siNPm8naNotSD6RBw==",
      "peer": true,
      "bin": {
        "nanoid": "bin/nanoid.cjs"
      },
      "engines": {
        "node": "^10 || ^12 || ^13.7 || ^14 || >=15.0.1"
      }
    },
    "node_modules/picocolors": {
      "version": "1.0.0",
      "resolved": "https://registry.npmjs.org/picocolors/-/picocolors-1.0.0.tgz",
      "integrity": "sha512-1fygroTLlHu66zi26VoTDv8yRgm0Fccecssto+MhsZ0D/DGW2sm8E8AjW7NU5VVTRt5GxbeZ5qBuJr+HyLYkjQ==",
      "peer": true
    },
    "node_modules/postcss": {
      "version": "8.4.13",
      "resolved": "https://registry.npmjs.org/postcss/-/postcss-8.4.13.tgz",
      "integrity": "sha512-jtL6eTBrza5MPzy8oJLFuUscHDXTV5KcLlqAWHl5q5WYRfnNRGSmOZmOZ1T6Gy7A99mOZfqungmZMpMmCVJ8ZA==",
      "funding": [
        {
          "type": "opencollective",
          "url": "https://opencollective.com/postcss/"
        },
        {
          "type": "tidelift",
          "url": "https://tidelift.com/funding/github/npm/postcss"
        }
      ],
      "peer": true,
      "dependencies": {
        "nanoid": "^3.3.3",
        "picocolors": "^1.0.0",
        "source-map-js": "^1.0.2"
      },
      "engines": {
        "node": "^10 || ^12 || >=14"
      }
    },
    "node_modules/react": {
      "version": "18.1.0",
      "resolved": "https://registry.npmjs.org/react/-/react-18.1.0.tgz",
      "integrity": "sha512-4oL8ivCz5ZEPyclFQXaNksK3adutVS8l2xzZU0cqEFrE9Sb7fC0EFK5uEk74wIreL1DERyjvsU915j1pcT2uEQ==",
      "peer": true,
      "dependencies": {
        "loose-envify": "^1.1.0"
      },
      "engines": {
        "node": ">=0.10.0"
      }
    },
    "node_modules/source-map": {
      "version": "0.6.1",
      "resolved": "https://registry.npmjs.org/source-map/-/source-map-0.6.1.tgz",
      "integrity": "sha512-UjgapumWlbMhkBgzT7Ykc5YXUT46F0iKu8SGXq0bcwP5dz/h0Plj6enJqjz1Zbq2l5WaqYnrVbwWOWMyF3F47g==",
      "peer": true,
      "engines": {
        "node": ">=0.10.0"
      }
    },
    "node_modules/source-map-js": {
      "version": "1.0.2",
      "resolved": "https://registry.npmjs.org/source-map-js/-/source-map-js-1.0.2.tgz",
      "integrity": "sha512-R0XvVJ9WusLiqTCEiGCmICCMplcCkIwwR11mOSD9CR5u+IXYdiseeEuXCVAjS54zqwkLcPNnmU4OeJ6tUrWhDw==",
      "peer": true,
      "engines": {
        "node": ">=0.10.0"
      }
    },
    "node_modules/sourcemap-codec": {
      "version": "1.4.8",
      "resolved": "https://registry.npmjs.org/sourcemap-codec/-/sourcemap-codec-1.4.8.tgz",
      "integrity": "sha512-9NykojV5Uih4lgo5So5dtw+f0JgJX30KCNI8gwhz2J9A15wD0Ml6tjHKwf6fTSa6fAdVBdZeNOs9eJ71qCk8vA==",
      "peer": true
    },
    "node_modules/thin-backend": {
      "version": "0.6.0",
      "resolved": "https://registry.npmjs.org/thin-backend/-/thin-backend-0.6.0.tgz",
      "integrity": "sha512-fOEmivjFH3lHGjYtBftcmoCrOjn15TRV2zdzpvPnYb4sS77ThfeWcM87TwAaqeT6p4/vf93of8/A0KPMW/G+NQ==",
      "peer": true,
      "dependencies": {
        "ihp-datasync": "https://gitpkg.now.sh/digitallyinduced/ihp/lib/IHP/DataSync?a9a2e567790ce2c4177261c2a46d38b59cbfe593"
      },
      "peerDependencies": {
        "react": ">=17.0.2"
      }
    },
    "node_modules/typescript": {
      "version": "4.6.4",
      "resolved": "https://registry.npmjs.org/typescript/-/typescript-4.6.4.tgz",
      "integrity": "sha512-9ia/jWHIEbo49HfjrLGfKbZSuWo9iTMwXO+Ca3pRsSpbsMbc7/IU8NKdCZVRRBafVPGnoJeFL76ZOAA84I9fEg==",
      "dev": true,
      "bin": {
        "tsc": "bin/tsc",
        "tsserver": "bin/tsserver"
      },
      "engines": {
        "node": ">=4.2.0"
      }
    },
    "node_modules/vue": {
      "version": "3.2.33",
      "resolved": "https://registry.npmjs.org/vue/-/vue-3.2.33.tgz",
      "integrity": "sha512-si1ExAlDUrLSIg/V7D/GgA4twJwfsfgG+t9w10z38HhL/HA07132pUQ2KuwAo8qbCyMJ9e6OqrmWrOCr+jW7ZQ==",
      "peer": true,
      "dependencies": {
        "@vue/compiler-dom": "3.2.33",
        "@vue/compiler-sfc": "3.2.33",
        "@vue/runtime-dom": "3.2.33",
        "@vue/server-renderer": "3.2.33",
        "@vue/shared": "3.2.33"
      }
    }
  },
  "dependencies": {
    "@babel/parser": {
      "version": "7.17.10",
      "resolved": "https://registry.npmjs.org/@babel/parser/-/parser-7.17.10.tgz",
      "integrity": "sha512-n2Q6i+fnJqzOaq2VkdXxy2TCPCWQZHiCo0XqmrCvDWcZQKRyZzYi4Z0yxlBuN0w+r2ZHmre+Q087DSrw3pbJDQ==",
      "peer": true
    },
    "@types/thin-backend": {
      "version": "https://thin.dev/ShowTypescriptDeclarationFile?typescriptDeclarationFileId=f61e9d25-9d27-4592-a1fe-78c9f910eb14&accessToken=HEgYWybWUMqiqKGaQCkqsWRlikVbbqUR",
      "integrity": "sha512-Q4fB84oZOXratO1E3wLwrpWxwXneY6fge0uArSFemAe34KlmuYUCc29QEygCsngVQyAKeEmB78I3xEutYX71dA==",
      "dev": true
    },
    "@vue/compiler-core": {
      "version": "3.2.33",
      "resolved": "https://registry.npmjs.org/@vue/compiler-core/-/compiler-core-3.2.33.tgz",
      "integrity": "sha512-AAmr52ji3Zhk7IKIuigX2osWWsb2nQE5xsdFYjdnmtQ4gymmqXbjLvkSE174+fF3A3kstYrTgGkqgOEbsdLDpw==",
      "peer": true,
      "requires": {
        "@babel/parser": "^7.16.4",
        "@vue/shared": "3.2.33",
        "estree-walker": "^2.0.2",
        "source-map": "^0.6.1"
      }
    },
    "@vue/compiler-dom": {
      "version": "3.2.33",
      "resolved": "https://registry.npmjs.org/@vue/compiler-dom/-/compiler-dom-3.2.33.tgz",
      "integrity": "sha512-GhiG1C8X98Xz9QUX/RlA6/kgPBWJkjq0Rq6//5XTAGSYrTMBgcLpP9+CnlUg1TFxnnCVughAG+KZl28XJqw8uQ==",
      "peer": true,
      "requires": {
        "@vue/compiler-core": "3.2.33",
        "@vue/shared": "3.2.33"
      }
    },
    "@vue/compiler-sfc": {
      "version": "3.2.33",
      "resolved": "https://registry.npmjs.org/@vue/compiler-sfc/-/compiler-sfc-3.2.33.tgz",
      "integrity": "sha512-H8D0WqagCr295pQjUYyO8P3IejM3vEzeCO1apzByAEaAR/WimhMYczHfZVvlCE/9yBaEu/eu9RdiWr0kF8b71Q==",
      "peer": true,
      "requires": {
        "@babel/parser": "^7.16.4",
        "@vue/compiler-core": "3.2.33",
        "@vue/compiler-dom": "3.2.33",
        "@vue/compiler-ssr": "3.2.33",
        "@vue/reactivity-transform": "3.2.33",
        "@vue/shared": "3.2.33",
        "estree-walker": "^2.0.2",
        "magic-string": "^0.25.7",
        "postcss": "^8.1.10",
        "source-map": "^0.6.1"
      }
    },
    "@vue/compiler-ssr": {
      "version": "3.2.33",
      "resolved": "https://registry.npmjs.org/@vue/compiler-ssr/-/compiler-ssr-3.2.33.tgz",
      "integrity": "sha512-XQh1Xdk3VquDpXsnoCd7JnMoWec9CfAzQDQsaMcSU79OrrO2PNR0ErlIjm/mGq3GmBfkQjzZACV+7GhfRB8xMQ==",
      "peer": true,
      "requires": {
        "@vue/compiler-dom": "3.2.33",
        "@vue/shared": "3.2.33"
      }
    },
    "@vue/reactivity": {
      "version": "3.2.33",
      "resolved": "https://registry.npmjs.org/@vue/reactivity/-/reactivity-3.2.33.tgz",
      "integrity": "sha512-62Sq0mp9/0bLmDuxuLD5CIaMG2susFAGARLuZ/5jkU1FCf9EDbwUuF+BO8Ub3Rbodx0ziIecM/NsmyjardBxfQ==",
      "peer": true,
      "requires": {
        "@vue/shared": "3.2.33"
      }
    },
    "@vue/reactivity-transform": {
      "version": "3.2.33",
      "resolved": "https://registry.npmjs.org/@vue/reactivity-transform/-/reactivity-transform-3.2.33.tgz",
      "integrity": "sha512-4UL5KOIvSQb254aqenW4q34qMXbfZcmEsV/yVidLUgvwYQQ/D21bGX3DlgPUGI3c4C+iOnNmDCkIxkILoX/Pyw==",
      "peer": true,
      "requires": {
        "@babel/parser": "^7.16.4",
        "@vue/compiler-core": "3.2.33",
        "@vue/shared": "3.2.33",
        "estree-walker": "^2.0.2",
        "magic-string": "^0.25.7"
      }
    },
    "@vue/runtime-core": {
      "version": "3.2.33",
      "resolved": "https://registry.npmjs.org/@vue/runtime-core/-/runtime-core-3.2.33.tgz",
      "integrity": "sha512-N2D2vfaXsBPhzCV3JsXQa2NECjxP3eXgZlFqKh4tgakp3iX6LCGv76DLlc+IfFZq+TW10Y8QUfeihXOupJ1dGw==",
      "peer": true,
      "requires": {
        "@vue/reactivity": "3.2.33",
        "@vue/shared": "3.2.33"
      }
    },
    "@vue/runtime-dom": {
      "version": "3.2.33",
      "resolved": "https://registry.npmjs.org/@vue/runtime-dom/-/runtime-dom-3.2.33.tgz",
      "integrity": "sha512-LSrJ6W7CZTSUygX5s8aFkraDWlO6K4geOwA3quFF2O+hC3QuAMZt/0Xb7JKE3C4JD4pFwCSO7oCrZmZ0BIJUnw==",
      "peer": true,
      "requires": {
        "@vue/runtime-core": "3.2.33",
        "@vue/shared": "3.2.33",
        "csstype": "^2.6.8"
      }
    },
    "@vue/server-renderer": {
      "version": "3.2.33",
      "resolved": "https://registry.npmjs.org/@vue/server-renderer/-/server-renderer-3.2.33.tgz",
      "integrity": "sha512-4jpJHRD4ORv8PlbYi+/MfP8ec1okz6rybe36MdpkDrGIdEItHEUyaHSKvz+ptNEyQpALmmVfRteHkU9F8vxOew==",
      "peer": true,
      "requires": {
        "@vue/compiler-ssr": "3.2.33",
        "@vue/shared": "3.2.33"
      }
    },
    "@vue/shared": {
      "version": "3.2.33",
      "resolved": "https://registry.npmjs.org/@vue/shared/-/shared-3.2.33.tgz",
      "integrity": "sha512-UBc1Pg1T3yZ97vsA2ueER0F6GbJebLHYlEi4ou1H5YL4KWvMOOWwpYo9/QpWq93wxKG6Wo13IY74Hcn/f7c7Bg==",
      "peer": true
    },
    "csstype": {
      "version": "2.6.20",
      "resolved": "https://registry.npmjs.org/csstype/-/csstype-2.6.20.tgz",
      "integrity": "sha512-/WwNkdXfckNgw6S5R125rrW8ez139lBHWouiBvX8dfMFtcn6V81REDqnH7+CRpRipfYlyU1CmOnOxrmGcFOjeA==",
      "peer": true
    },
    "estree-walker": {
      "version": "2.0.2",
      "resolved": "https://registry.npmjs.org/estree-walker/-/estree-walker-2.0.2.tgz",
      "integrity": "sha512-Rfkk/Mp/DL7JVje3u18FxFujQlTNR2q6QfMSMB7AvCBx91NGj/ba3kCfza0f6dVDbw7YlRf/nDrn7pQrCCyQ/w==",
      "peer": true
    },
    "ihp-datasync": {
      "version": "https://gitpkg.now.sh/digitallyinduced/ihp/lib/IHP/DataSync?a9a2e567790ce2c4177261c2a46d38b59cbfe593",
      "integrity": "sha512-GARx1CKlfHkccXqope7zO00FyHEtfOYkHpLa5OjWLLI4SbXyiWLyvozid/QVAdZRCtNcRi5YLIPw4H7J+sVBlA==",
      "peer": true
    },
    "js-tokens": {
      "version": "4.0.0",
      "resolved": "https://registry.npmjs.org/js-tokens/-/js-tokens-4.0.0.tgz",
      "integrity": "sha512-RdJUflcE3cUzKiMqQgsCu06FPu9UdIJO0beYbPhHN4k6apgJtifcoCtT9bcxOpYBtpD2kCM6Sbzg4CausW/PKQ==",
      "peer": true
    },
    "loose-envify": {
      "version": "1.4.0",
      "resolved": "https://registry.npmjs.org/loose-envify/-/loose-envify-1.4.0.tgz",
      "integrity": "sha512-lyuxPGr/Wfhrlem2CL/UcnUc1zcqKAImBDzukY7Y5F/yQiNdko6+fRLevlw1HgMySw7f611UIY408EtxRSoK3Q==",
      "peer": true,
      "requires": {
        "js-tokens": "^3.0.0 || ^4.0.0"
      }
    },
    "magic-string": {
      "version": "0.25.9",
      "resolved": "https://registry.npmjs.org/magic-string/-/magic-string-0.25.9.tgz",
      "integrity": "sha512-RmF0AsMzgt25qzqqLc1+MbHmhdx0ojF2Fvs4XnOqz2ZOBXzzkEwc/dJQZCYHAn7v1jbVOjAZfK8msRn4BxO4VQ==",
      "peer": true,
      "requires": {
        "sourcemap-codec": "^1.4.8"
      }
    },
    "nanoid": {
      "version": "3.3.4",
      "resolved": "https://registry.npmjs.org/nanoid/-/nanoid-3.3.4.tgz",
      "integrity": "sha512-MqBkQh/OHTS2egovRtLk45wEyNXwF+cokD+1YPf9u5VfJiRdAiRwB2froX5Co9Rh20xs4siNPm8naNotSD6RBw==",
      "peer": true
    },
    "picocolors": {
      "version": "1.0.0",
      "resolved": "https://registry.npmjs.org/picocolors/-/picocolors-1.0.0.tgz",
      "integrity": "sha512-1fygroTLlHu66zi26VoTDv8yRgm0Fccecssto+MhsZ0D/DGW2sm8E8AjW7NU5VVTRt5GxbeZ5qBuJr+HyLYkjQ==",
      "peer": true
    },
    "postcss": {
      "version": "8.4.13",
      "resolved": "https://registry.npmjs.org/postcss/-/postcss-8.4.13.tgz",
      "integrity": "sha512-jtL6eTBrza5MPzy8oJLFuUscHDXTV5KcLlqAWHl5q5WYRfnNRGSmOZmOZ1T6Gy7A99mOZfqungmZMpMmCVJ8ZA==",
      "peer": true,
      "requires": {
        "nanoid": "^3.3.3",
        "picocolors": "^1.0.0",
        "source-map-js": "^1.0.2"
      }
    },
    "react": {
      "version": "18.1.0",
      "resolved": "https://registry.npmjs.org/react/-/react-18.1.0.tgz",
      "integrity": "sha512-4oL8ivCz5ZEPyclFQXaNksK3adutVS8l2xzZU0cqEFrE9Sb7fC0EFK5uEk74wIreL1DERyjvsU915j1pcT2uEQ==",
      "peer": true,
      "requires": {
        "loose-envify": "^1.1.0"
      }
    },
    "source-map": {
      "version": "0.6.1",
      "resolved": "https://registry.npmjs.org/source-map/-/source-map-0.6.1.tgz",
      "integrity": "sha512-UjgapumWlbMhkBgzT7Ykc5YXUT46F0iKu8SGXq0bcwP5dz/h0Plj6enJqjz1Zbq2l5WaqYnrVbwWOWMyF3F47g==",
      "peer": true
    },
    "source-map-js": {
      "version": "1.0.2",
      "resolved": "https://registry.npmjs.org/source-map-js/-/source-map-js-1.0.2.tgz",
      "integrity": "sha512-R0XvVJ9WusLiqTCEiGCmICCMplcCkIwwR11mOSD9CR5u+IXYdiseeEuXCVAjS54zqwkLcPNnmU4OeJ6tUrWhDw==",
      "peer": true
    },
    "sourcemap-codec": {
      "version": "1.4.8",
      "resolved": "https://registry.npmjs.org/sourcemap-codec/-/sourcemap-codec-1.4.8.tgz",
      "integrity": "sha512-9NykojV5Uih4lgo5So5dtw+f0JgJX30KCNI8gwhz2J9A15wD0Ml6tjHKwf6fTSa6fAdVBdZeNOs9eJ71qCk8vA==",
      "peer": true
    },
    "thin-backend": {
      "version": "0.6.0",
      "resolved": "https://registry.npmjs.org/thin-backend/-/thin-backend-0.6.0.tgz",
      "integrity": "sha512-fOEmivjFH3lHGjYtBftcmoCrOjn15TRV2zdzpvPnYb4sS77ThfeWcM87TwAaqeT6p4/vf93of8/A0KPMW/G+NQ==",
      "peer": true,
      "requires": {
        "ihp-datasync": "https://gitpkg.now.sh/digitallyinduced/ihp/lib/IHP/DataSync?a9a2e567790ce2c4177261c2a46d38b59cbfe593"
      }
    },
    "typescript": {
      "version": "4.6.4",
      "resolved": "https://registry.npmjs.org/typescript/-/typescript-4.6.4.tgz",
      "integrity": "sha512-9ia/jWHIEbo49HfjrLGfKbZSuWo9iTMwXO+Ca3pRsSpbsMbc7/IU8NKdCZVRRBafVPGnoJeFL76ZOAA84I9fEg==",
      "dev": true
    },
    "vue": {
      "version": "3.2.33",
      "resolved": "https://registry.npmjs.org/vue/-/vue-3.2.33.tgz",
      "integrity": "sha512-si1ExAlDUrLSIg/V7D/GgA4twJwfsfgG+t9w10z38HhL/HA07132pUQ2KuwAo8qbCyMJ9e6OqrmWrOCr+jW7ZQ==",
      "peer": true,
      "requires": {
        "@vue/compiler-dom": "3.2.33",
        "@vue/compiler-sfc": "3.2.33",
        "@vue/runtime-dom": "3.2.33",
        "@vue/server-renderer": "3.2.33",
        "@vue/shared": "3.2.33"
      }
    }
  }
}
